
Microsoft Visual Studio Solution File, Format Version 12.00
# Visual Studio Version 17
VisualStudioVersion = 17.2.32630.192
MinimumVisualStudioVersion = 10.0.40219.1
Project("{FAE04EC0-301F-11D3-BF4B-00C04F79EFBC}") = "TP04", "TP04.csproj", "{9D5BEE30-3375-4517-BDE3-456563EE3BF0}"
EndProject
Global
	GlobalSection(SolutionConfigurationPlatforms) = preSolution
		Debug|Any CPU = Debug|Any CPU
		Release|Any CPU = Release|Any CPU
	EndGlobalSection
	GlobalSection(ProjectConfigurationPlatforms) = postSolution
		{9D5BEE30-3375-4517-BDE3-456563EE3BF0}.Debug|Any CPU.ActiveCfg = Debug|Any CPU
		{9D5BEE30-3375-4517-BDE3-456563EE3BF0}.Debug|Any CPU.Build.0 = Debug|Any CPU
		{9D5BEE30-3375-4517-BDE3-456563EE3BF0}.Release|Any CPU.ActiveCfg = Release|Any CPU
		{9D5BEE30-3375-4517-BDE3-456563EE3BF0}.Release|Any CPU.Build.0 = Release|Any CPU
	EndGlobalSection
	GlobalSection(SolutionProperties) = preSolution
		HideSolutionNode = FALSE
	EndGlobalSection
	GlobalSection(ExtensibilityGlobals) = postSolution
		SolutionGuid = {9F89F010-1767-43F7-9FC3-E75AD5FCD964}
	EndGlobalSection
EndGlobal
