
Microsoft Visual Studio Solution File, Format Version 12.00
# Visual Studio Version 17
VisualStudioVersion = 17.4.33110.190
MinimumVisualStudioVersion = 10.0.40219.1
Project("{FAE04EC0-301F-11D3-BF4B-00C04F79EFBC}") = "21_nejvetsi_spolecny_delitel_n_cisel", "21_nejvetsi_spolecny_delitel_n_cisel.csproj", "{9B1454D4-7450-4BE7-8ADD-723D2B141DA1}"
EndProject
Global
	GlobalSection(SolutionConfigurationPlatforms) = preSolution
		Debug|Any CPU = Debug|Any CPU
		Release|Any CPU = Release|Any CPU
	EndGlobalSection
	GlobalSection(ProjectConfigurationPlatforms) = postSolution
		{9B1454D4-7450-4BE7-8ADD-723D2B141DA1}.Debug|Any CPU.ActiveCfg = Debug|Any CPU
		{9B1454D4-7450-4BE7-8ADD-723D2B141DA1}.Debug|Any CPU.Build.0 = Debug|Any CPU
		{9B1454D4-7450-4BE7-8ADD-723D2B141DA1}.Release|Any CPU.ActiveCfg = Release|Any CPU
		{9B1454D4-7450-4BE7-8ADD-723D2B141DA1}.Release|Any CPU.Build.0 = Release|Any CPU
	EndGlobalSection
	GlobalSection(SolutionProperties) = preSolution
		HideSolutionNode = FALSE
	EndGlobalSection
	GlobalSection(ExtensibilityGlobals) = postSolution
		SolutionGuid = {7D6421DB-C421-4479-BDCA-8DEF96AECE76}
	EndGlobalSection
EndGlobal
