
Microsoft Visual Studio Solution File, Format Version 12.00
# Visual Studio Version 17
VisualStudioVersion = 17.4.33205.214
MinimumVisualStudioVersion = 10.0.40219.1
Project("{FAE04EC0-301F-11D3-BF4B-00C04F79EFBC}") = "32_prohozeni cisel", "32_prohozeni cisel.csproj", "{A64F8C4B-B382-4053-AB82-3515669D112C}"
EndProject
Global
	GlobalSection(SolutionConfigurationPlatforms) = preSolution
		Debug|Any CPU = Debug|Any CPU
		Release|Any CPU = Release|Any CPU
	EndGlobalSection
	GlobalSection(ProjectConfigurationPlatforms) = postSolution
		{A64F8C4B-B382-4053-AB82-3515669D112C}.Debug|Any CPU.ActiveCfg = Debug|Any CPU
		{A64F8C4B-B382-4053-AB82-3515669D112C}.Debug|Any CPU.Build.0 = Debug|Any CPU
		{A64F8C4B-B382-4053-AB82-3515669D112C}.Release|Any CPU.ActiveCfg = Release|Any CPU
		{A64F8C4B-B382-4053-AB82-3515669D112C}.Release|Any CPU.Build.0 = Release|Any CPU
	EndGlobalSection
	GlobalSection(SolutionProperties) = preSolution
		HideSolutionNode = FALSE
	EndGlobalSection
	GlobalSection(ExtensibilityGlobals) = postSolution
		SolutionGuid = {EF3EB58A-4C94-42D3-85C8-3FD0CAC15D34}
	EndGlobalSection
EndGlobal
