
Microsoft Visual Studio Solution File, Format Version 12.00
# Visual Studio Version 17
VisualStudioVersion = 17.7.34024.191
MinimumVisualStudioVersion = 10.0.40219.1
Project("{FAE04EC0-301F-11D3-BF4B-00C04F79EFBC}") = "10_Kresleni", "10_Kresleni.csproj", "{6AD2E843-52A7-41EF-8BB9-A62845FA4598}"
EndProject
Global
	GlobalSection(SolutionConfigurationPlatforms) = preSolution
		Debug|Any CPU = Debug|Any CPU
		Release|Any CPU = Release|Any CPU
	EndGlobalSection
	GlobalSection(ProjectConfigurationPlatforms) = postSolution
		{6AD2E843-52A7-41EF-8BB9-A62845FA4598}.Debug|Any CPU.ActiveCfg = Debug|Any CPU
		{6AD2E843-52A7-41EF-8BB9-A62845FA4598}.Debug|Any CPU.Build.0 = Debug|Any CPU
		{6AD2E843-52A7-41EF-8BB9-A62845FA4598}.Release|Any CPU.ActiveCfg = Release|Any CPU
		{6AD2E843-52A7-41EF-8BB9-A62845FA4598}.Release|Any CPU.Build.0 = Release|Any CPU
	EndGlobalSection
	GlobalSection(SolutionProperties) = preSolution
		HideSolutionNode = FALSE
	EndGlobalSection
	GlobalSection(ExtensibilityGlobals) = postSolution
		SolutionGuid = {390DB7BA-07BB-4E38-97CF-A81A3F0A69BD}
	EndGlobalSection
EndGlobal
