
Microsoft Visual Studio Solution File, Format Version 12.00
# Visual Studio Version 17
VisualStudioVersion = 17.4.33205.214
MinimumVisualStudioVersion = 10.0.40219.1
Project("{FAE04EC0-301F-11D3-BF4B-00C04F79EFBC}") = "46_vyjimky", "46_vyjimky.csproj", "{13D26CC8-A155-47EA-94AC-2B3034C18DCB}"
EndProject
Global
	GlobalSection(SolutionConfigurationPlatforms) = preSolution
		Debug|Any CPU = Debug|Any CPU
		Release|Any CPU = Release|Any CPU
	EndGlobalSection
	GlobalSection(ProjectConfigurationPlatforms) = postSolution
		{13D26CC8-A155-47EA-94AC-2B3034C18DCB}.Debug|Any CPU.ActiveCfg = Debug|Any CPU
		{13D26CC8-A155-47EA-94AC-2B3034C18DCB}.Debug|Any CPU.Build.0 = Debug|Any CPU
		{13D26CC8-A155-47EA-94AC-2B3034C18DCB}.Release|Any CPU.ActiveCfg = Release|Any CPU
		{13D26CC8-A155-47EA-94AC-2B3034C18DCB}.Release|Any CPU.Build.0 = Release|Any CPU
	EndGlobalSection
	GlobalSection(SolutionProperties) = preSolution
		HideSolutionNode = FALSE
	EndGlobalSection
	GlobalSection(ExtensibilityGlobals) = postSolution
		SolutionGuid = {74C34A45-DBA3-4A30-8510-522B80589761}
	EndGlobalSection
EndGlobal
