
Microsoft Visual Studio Solution File, Format Version 12.00
# Visual Studio Version 17
VisualStudioVersion = 17.4.33205.214
MinimumVisualStudioVersion = 10.0.40219.1
Project("{FAE04EC0-301F-11D3-BF4B-00C04F79EFBC}") = "53_desetinna_cisla_text", "53_desetinna_cisla_text.csproj", "{C6962BD9-F4F5-4259-A7E9-244732EBE9D0}"
EndProject
Global
	GlobalSection(SolutionConfigurationPlatforms) = preSolution
		Debug|Any CPU = Debug|Any CPU
		Release|Any CPU = Release|Any CPU
	EndGlobalSection
	GlobalSection(ProjectConfigurationPlatforms) = postSolution
		{C6962BD9-F4F5-4259-A7E9-244732EBE9D0}.Debug|Any CPU.ActiveCfg = Debug|Any CPU
		{C6962BD9-F4F5-4259-A7E9-244732EBE9D0}.Debug|Any CPU.Build.0 = Debug|Any CPU
		{C6962BD9-F4F5-4259-A7E9-244732EBE9D0}.Release|Any CPU.ActiveCfg = Release|Any CPU
		{C6962BD9-F4F5-4259-A7E9-244732EBE9D0}.Release|Any CPU.Build.0 = Release|Any CPU
	EndGlobalSection
	GlobalSection(SolutionProperties) = preSolution
		HideSolutionNode = FALSE
	EndGlobalSection
	GlobalSection(ExtensibilityGlobals) = postSolution
		SolutionGuid = {41955ECC-A321-48CE-9194-0260C8EAAA2B}
	EndGlobalSection
EndGlobal
