
Microsoft Visual Studio Solution File, Format Version 12.00
# Visual Studio Version 17
VisualStudioVersion = 17.3.32901.215
MinimumVisualStudioVersion = 10.0.40219.1
Project("{FAE04EC0-301F-11D3-BF4B-00C04F79EFBC}") = "09_porovnavani", "09_porovnavani.csproj", "{6CBB2438-D3F0-4F01-BB32-FC7FADA71B9E}"
EndProject
Global
	GlobalSection(SolutionConfigurationPlatforms) = preSolution
		Debug|Any CPU = Debug|Any CPU
		Release|Any CPU = Release|Any CPU
	EndGlobalSection
	GlobalSection(ProjectConfigurationPlatforms) = postSolution
		{6CBB2438-D3F0-4F01-BB32-FC7FADA71B9E}.Debug|Any CPU.ActiveCfg = Debug|Any CPU
		{6CBB2438-D3F0-4F01-BB32-FC7FADA71B9E}.Debug|Any CPU.Build.0 = Debug|Any CPU
		{6CBB2438-D3F0-4F01-BB32-FC7FADA71B9E}.Release|Any CPU.ActiveCfg = Release|Any CPU
		{6CBB2438-D3F0-4F01-BB32-FC7FADA71B9E}.Release|Any CPU.Build.0 = Release|Any CPU
	EndGlobalSection
	GlobalSection(SolutionProperties) = preSolution
		HideSolutionNode = FALSE
	EndGlobalSection
	GlobalSection(ExtensibilityGlobals) = postSolution
		SolutionGuid = {E538EB5C-EB70-4BEC-BA48-41A2F0363132}
	EndGlobalSection
EndGlobal
