
Microsoft Visual Studio Solution File, Format Version 12.00
# Visual Studio Version 17
VisualStudioVersion = 17.3.32929.385
MinimumVisualStudioVersion = 10.0.40219.1
Project("{FAE04EC0-301F-11D3-BF4B-00C04F79EFBC}") = "13_switch rovinné útvary", "13_switch rovinné útvary.csproj", "{655DE080-A5FD-44C8-8ACE-4D4E37C7158A}"
EndProject
Global
	GlobalSection(SolutionConfigurationPlatforms) = preSolution
		Debug|Any CPU = Debug|Any CPU
		Release|Any CPU = Release|Any CPU
	EndGlobalSection
	GlobalSection(ProjectConfigurationPlatforms) = postSolution
		{655DE080-A5FD-44C8-8ACE-4D4E37C7158A}.Debug|Any CPU.ActiveCfg = Debug|Any CPU
		{655DE080-A5FD-44C8-8ACE-4D4E37C7158A}.Debug|Any CPU.Build.0 = Debug|Any CPU
		{655DE080-A5FD-44C8-8ACE-4D4E37C7158A}.Release|Any CPU.ActiveCfg = Release|Any CPU
		{655DE080-A5FD-44C8-8ACE-4D4E37C7158A}.Release|Any CPU.Build.0 = Release|Any CPU
	EndGlobalSection
	GlobalSection(SolutionProperties) = preSolution
		HideSolutionNode = FALSE
	EndGlobalSection
	GlobalSection(ExtensibilityGlobals) = postSolution
		SolutionGuid = {A4DB46D5-D322-47A5-AF89-232A504FC87D}
	EndGlobalSection
EndGlobal
