
Microsoft Visual Studio Solution File, Format Version 12.00
# Visual Studio Version 17
VisualStudioVersion = 17.4.33205.214
MinimumVisualStudioVersion = 10.0.40219.1
Project("{FAE04EC0-301F-11D3-BF4B-00C04F79EFBC}") = "38_e_sito", "38_e_sito.csproj", "{2AA04D93-CD39-481E-B534-81AD05C664F2}"
EndProject
Global
	GlobalSection(SolutionConfigurationPlatforms) = preSolution
		Debug|Any CPU = Debug|Any CPU
		Release|Any CPU = Release|Any CPU
	EndGlobalSection
	GlobalSection(ProjectConfigurationPlatforms) = postSolution
		{2AA04D93-CD39-481E-B534-81AD05C664F2}.Debug|Any CPU.ActiveCfg = Debug|Any CPU
		{2AA04D93-CD39-481E-B534-81AD05C664F2}.Debug|Any CPU.Build.0 = Debug|Any CPU
		{2AA04D93-CD39-481E-B534-81AD05C664F2}.Release|Any CPU.ActiveCfg = Release|Any CPU
		{2AA04D93-CD39-481E-B534-81AD05C664F2}.Release|Any CPU.Build.0 = Release|Any CPU
	EndGlobalSection
	GlobalSection(SolutionProperties) = preSolution
		HideSolutionNode = FALSE
	EndGlobalSection
	GlobalSection(ExtensibilityGlobals) = postSolution
		SolutionGuid = {1EF46510-88EE-41E0-A292-592E014BE7F9}
	EndGlobalSection
EndGlobal
