
Microsoft Visual Studio Solution File, Format Version 12.00
# Visual Studio Version 17
VisualStudioVersion = 17.2.32630.192
MinimumVisualStudioVersion = 10.0.40219.1
Project("{FAE04EC0-301F-11D3-BF4B-00C04F79EFBC}") = "TPO7", "TPO7.csproj", "{BA4B2E14-5A07-4778-A4D6-4DA9D6F8220E}"
EndProject
Global
	GlobalSection(SolutionConfigurationPlatforms) = preSolution
		Debug|Any CPU = Debug|Any CPU
		Release|Any CPU = Release|Any CPU
	EndGlobalSection
	GlobalSection(ProjectConfigurationPlatforms) = postSolution
		{BA4B2E14-5A07-4778-A4D6-4DA9D6F8220E}.Debug|Any CPU.ActiveCfg = Debug|Any CPU
		{BA4B2E14-5A07-4778-A4D6-4DA9D6F8220E}.Debug|Any CPU.Build.0 = Debug|Any CPU
		{BA4B2E14-5A07-4778-A4D6-4DA9D6F8220E}.Release|Any CPU.ActiveCfg = Release|Any CPU
		{BA4B2E14-5A07-4778-A4D6-4DA9D6F8220E}.Release|Any CPU.Build.0 = Release|Any CPU
	EndGlobalSection
	GlobalSection(SolutionProperties) = preSolution
		HideSolutionNode = FALSE
	EndGlobalSection
	GlobalSection(ExtensibilityGlobals) = postSolution
		SolutionGuid = {3C4DE7B1-03A4-4AF5-B715-EDADA794A2C1}
	EndGlobalSection
EndGlobal
